# This file is automatically @generated by Poetry and should not be changed by hand.

[[package]]
name = "autopep8"
version = "2.0.1"
description = "A tool that automatically formats Python code to conform to the PEP 8 style guide"
category = "dev"
optional = false
python-versions = ">=3.6"
files = [
    {file = "autopep8-2.0.1-py2.py3-none-any.whl", hash = "sha256:be5bc98c33515b67475420b7b1feafc8d32c1a69862498eda4983b45bffd2687"},
    {file = "autopep8-2.0.1.tar.gz", hash = "sha256:d27a8929d8dcd21c0f4b3859d2d07c6c25273727b98afc984c039df0f0d86566"},
]

[package.dependencies]
pycodestyle = ">=2.10.0"

[[package]]
name = "dearpygui"
version = "1.8.0"
description = "DearPyGui: A simple Python GUI Toolkit"
category = "main"
optional = false
python-versions = ">=3.7"
files = [
    {file = "dearpygui-1.8.0-cp310-cp310-macosx_10_6_x86_64.whl", hash = "sha256:bbad360b80a29a2deb40a8a2f73aa17fee1c5e817035e590509e067f3dc531d3"},
    {file = "dearpygui-1.8.0-cp310-cp310-macosx_11_0_arm64.whl", hash = "sha256:dabeff583800aea84bc537ab188a87398ed9e5e0537cc3e37fdc6e59d6b40495"},
    {file = "dearpygui-1.8.0-cp310-cp310-manylinux1_x86_64.whl", hash = "sha256:7e93c41d64d884e1d9e8c6f991d51e4ed9dd9792f609d9a6f7399059c29d1706"},
    {file = "dearpygui-1.8.0-cp310-cp310-win_amd64.whl", hash = "sha256:55006836de1d1a30ae6c03dd794d1798a4e9942b78f1239802afac4673c3fa38"},
    {file = "dearpygui-1.8.0-cp311-cp311-macosx_10_6_x86_64.whl", hash = "sha256:cf5b76bbefa1348e5bf53a68cd7a1d24768819e0e9b5535168b378830a20b6c1"},
    {file = "dearpygui-1.8.0-cp311-cp311-macosx_11_0_arm64.whl", hash = "sha256:dfe7c746ab87b57ef84495462b36b0533435b3b6a94d241af7fe9219f54744f6"},
    {file = "dearpygui-1.8.0-cp311-cp311-manylinux1_x86_64.whl", hash = "sha256:fe7ef89b9bd9ac34ab865b488b11fee5537767b63cedb436633054bd39bfc46e"},
    {file = "dearpygui-1.8.0-cp311-cp311-win_amd64.whl", hash = "sha256:82c1ebd00d747e2c6d35eabaaacc851d29b38b49aad8f7726b6339aca2045aa2"},
    {file = "dearpygui-1.8.0-cp37-cp37m-macosx_10_6_x86_64.whl", hash = "sha256:476748dbaaf1d4749959e6192218d64c700bd4a06c1a5d26a77b1b1ef49ca7ab"},
    {file = "dearpygui-1.8.0-cp37-cp37m-manylinux1_x86_64.whl", hash = "sha256:8ad1cc0a4af84e146f5191e86e54dcadff5a0863ae935ae34168af840848f0ab"},
    {file = "dearpygui-1.8.0-cp37-cp37m-win_amd64.whl", hash = "sha256:e2cf13789ca6b91d56f1d83cfadc59ae21044bea0d19ff9d3c9b445d7ec05c8b"},
    {file = "dearpygui-1.8.0-cp38-cp38-macosx_10_6_x86_64.whl", hash = "sha256:0cc9ce8c3b4ad324c8e224a6e483ad7d6c7919ab758c3bbeccaea75bb414f727"},
    {file = "dearpygui-1.8.0-cp38-cp38-manylinux1_x86_64.whl", hash = "sha256:71e447e4f05200aae6839c45fccc08291c8e6b32540a4cf45f58e08cb1a0cf61"},
    {file = "dearpygui-1.8.0-cp38-cp38-win_amd64.whl", hash = "sha256:f4637d217e0c773899947b73372e8685e45818af98e97838bee2c89a82d40c92"},
    {file = "dearpygui-1.8.0-cp39-cp39-macosx_10_6_x86_64.whl", hash = "sha256:2ec09455e38e9b0ed182a4933b76a9fd6c3300aebe3d87c2b0cffe70c5b77b07"},
    {file = "dearpygui-1.8.0-cp39-cp39-macosx_11_0_arm64.whl", hash = "sha256:14ccf3cb6d877454a7943797e946e2b0f28ba7682e1cd876dac0a388853b01f8"},
    {file = "dearpygui-1.8.0-cp39-cp39-manylinux1_x86_64.whl", hash = "sha256:525849a1217ee1f78c7321a54cb5d2ffb5a80a55e25da5ceeb83ca5cc21b99e8"},
    {file = "dearpygui-1.8.0-cp39-cp39-win_amd64.whl", hash = "sha256:9c1233e887f956df7747468f51459f583760fc2e82670cf0dc9b8adf54c8a01a"},
]

[[package]]
name = "numpy"
version = "1.24.0"
description = "Fundamental package for array computing in Python"
category = "main"
optional = false
python-versions = ">=3.8"
files = [
    {file = "numpy-1.24.0-cp310-cp310-macosx_10_9_x86_64.whl", hash = "sha256:6e73a1f4f5b74a42abb55bc2b3d869f1b38cbc8776da5f8b66bf110284f7a437"},
    {file = "numpy-1.24.0-cp310-cp310-macosx_11_0_arm64.whl", hash = "sha256:9387c7d6d50e8f8c31e7bfc034241e9c6f4b3eb5db8d118d6487047b922f82af"},
    {file = "numpy-1.24.0-cp310-cp310-manylinux_2_17_aarch64.manylinux2014_aarch64.whl", hash = "sha256:7ad6a024a32ee61d18f5b402cd02e9c0e22c0fb9dc23751991b3a16d209d972e"},
    {file = "numpy-1.24.0-cp310-cp310-manylinux_2_17_x86_64.manylinux2014_x86_64.whl", hash = "sha256:73cf2c5b5a07450f20a0c8e04d9955491970177dce8df8d6903bf253e53268e0"},
    {file = "numpy-1.24.0-cp310-cp310-win32.whl", hash = "sha256:cec79ff3984b2d1d103183fc4a3361f5b55bbb66cb395cbf5a920a4bb1fd588d"},
    {file = "numpy-1.24.0-cp310-cp310-win_amd64.whl", hash = "sha256:4f5e78b8b710cd7cd1a8145994cfffc6ddd5911669a437777d8cedfce6c83a98"},
    {file = "numpy-1.24.0-cp311-cp311-macosx_10_9_x86_64.whl", hash = "sha256:4445f472b246cad6514cc09fbb5ecb7aab09ca2acc3c16f29f8dca6c468af501"},
    {file = "numpy-1.24.0-cp311-cp311-macosx_11_0_arm64.whl", hash = "sha256:ec3e5e8172a0a6a4f3c2e7423d4a8434c41349141b04744b11a90e017a95bad5"},
    {file = "numpy-1.24.0-cp311-cp311-manylinux_2_17_aarch64.manylinux2014_aarch64.whl", hash = "sha256:f9168790149f917ad8e3cf5047b353fefef753bd50b07c547da0bdf30bc15d91"},
    {file = "numpy-1.24.0-cp311-cp311-manylinux_2_17_x86_64.manylinux2014_x86_64.whl", hash = "sha256:ada6c1e9608ceadaf7020e1deea508b73ace85560a16f51bef26aecb93626a72"},
    {file = "numpy-1.24.0-cp311-cp311-win32.whl", hash = "sha256:f3c4a9a9f92734a4728ddbd331e0124eabbc968a0359a506e8e74a9b0d2d419b"},
    {file = "numpy-1.24.0-cp311-cp311-win_amd64.whl", hash = "sha256:90075ef2c6ac6397d0035bcd8b298b26e481a7035f7a3f382c047eb9c3414db0"},
    {file = "numpy-1.24.0-cp38-cp38-macosx_10_9_x86_64.whl", hash = "sha256:0885d9a7666cafe5f9876c57bfee34226e2b2847bfb94c9505e18d81011e5401"},
    {file = "numpy-1.24.0-cp38-cp38-macosx_11_0_arm64.whl", hash = "sha256:e63d2157f9fc98cc178870db83b0e0c85acdadd598b134b00ebec9e0db57a01f"},
    {file = "numpy-1.24.0-cp38-cp38-manylinux_2_17_aarch64.manylinux2014_aarch64.whl", hash = "sha256:cf8960f72997e56781eb1c2ea256a70124f92a543b384f89e5fb3503a308b1d3"},
    {file = "numpy-1.24.0-cp38-cp38-manylinux_2_17_x86_64.manylinux2014_x86_64.whl", hash = "sha256:2f8e0df2ecc1928ef7256f18e309c9d6229b08b5be859163f5caa59c93d53646"},
    {file = "numpy-1.24.0-cp38-cp38-win32.whl", hash = "sha256:fe44e925c68fb5e8db1334bf30ac1a1b6b963b932a19cf41d2e899cf02f36aab"},
    {file = "numpy-1.24.0-cp38-cp38-win_amd64.whl", hash = "sha256:d7f223554aba7280e6057727333ed357b71b7da7422d02ff5e91b857888c25d1"},
    {file = "numpy-1.24.0-cp39-cp39-macosx_10_9_x86_64.whl", hash = "sha256:ab11f6a7602cf8ea4c093e091938207de3068c5693a0520168ecf4395750f7ea"},
    {file = "numpy-1.24.0-cp39-cp39-macosx_11_0_arm64.whl", hash = "sha256:12bba5561d8118981f2f1ff069ecae200c05d7b6c78a5cdac0911f74bc71cbd1"},
    {file = "numpy-1.24.0-cp39-cp39-manylinux_2_17_aarch64.manylinux2014_aarch64.whl", hash = "sha256:9af91f794d2d3007d91d749ebc955302889261db514eb24caef30e03e8ec1e41"},
    {file = "numpy-1.24.0-cp39-cp39-manylinux_2_17_x86_64.manylinux2014_x86_64.whl", hash = "sha256:8b1ddfac6a82d4f3c8e99436c90b9c2c68c0bb14658d1684cdd00f05fab241f5"},
    {file = "numpy-1.24.0-cp39-cp39-win32.whl", hash = "sha256:ac4fe68f1a5a18136acebd4eff91aab8bed00d1ef2fdb34b5d9192297ffbbdfc"},
    {file = "numpy-1.24.0-cp39-cp39-win_amd64.whl", hash = "sha256:667b5b1f6a352419e340f6475ef9930348ae5cb7fca15f2cc3afcb530823715e"},
    {file = "numpy-1.24.0-pp38-pypy38_pp73-macosx_10_9_x86_64.whl", hash = "sha256:4d01f7832fa319a36fd75ba10ea4027c9338ede875792f7bf617f4b45056fc3a"},
    {file = "numpy-1.24.0-pp38-pypy38_pp73-manylinux_2_17_x86_64.manylinux2014_x86_64.whl", hash = "sha256:dbb0490f0a880700a6cc4d000384baf19c1f4df59fff158d9482d4dbbca2b239"},
    {file = "numpy-1.24.0-pp38-pypy38_pp73-win_amd64.whl", hash = "sha256:0104d8adaa3a4cc60c2777cab5196593bf8a7f416eda133be1f3803dd0838886"},
    {file = "numpy-1.24.0.tar.gz", hash = "sha256:c4ab7c9711fe6b235e86487ca74c1b092a6dd59a3cb45b63241ea0a148501853"},
]

[[package]]
name = "pycodestyle"
version = "2.10.0"
description = "Python style guide checker"
category = "dev"
optional = false
python-versions = ">=3.6"
files = [
    {file = "pycodestyle-2.10.0-py2.py3-none-any.whl", hash = "sha256:8a4eaf0d0495c7395bdab3589ac2db602797d76207242c17d470186815706610"},
    {file = "pycodestyle-2.10.0.tar.gz", hash = "sha256:347187bdb476329d98f695c213d7295a846d1152ff4fe9bacb8a9590b8ee7053"},
]

[metadata]
lock-version = "2.0"
python-versions = "^3.11"
content-hash = "52e229b3fcdc95ae08db11647b1e99ac2b360983077cd0fe28e9cc6f20d14dac"
